// !$*UTF8*$!
{
	archiveVersion = 1;
	classes = {
	};
	objectVersion = 50;
	objects = {

/* Begin PBXBuildFile section */
		0E0A901025254AB0003CF49E /* AppDelegate.swift in Sources */ = {isa = PBXBuildFile; fileRef = 0E0FDF61252085B400B878C4 /* AppDelegate.swift */; };
		0E0A901125254AB0003CF49E /* SceneDelegate.swift in Sources */ = {isa = PBXBuildFile; fileRef = 0E0FDF63252085B400B878C4 /* SceneDelegate.swift */; };
		0E0A901225254AB0003CF49E /* ContentView.swift in Sources */ = {isa = PBXBuildFile; fileRef = 0E0FDF65252085B400B878C4 /* ContentView.swift */; };
		0E0A901325254AB0003CF49E /* CourseRow.swift in Sources */ = {isa = PBXBuildFile; fileRef = 0EEAE83225229CC400EDB602 /* CourseRow.swift */; };
		0E0A901425254AB0003CF49E /* Sidebar.swift in Sources */ = {isa = PBXBuildFile; fileRef = 0E74F44F2523966100B6B76C /* Sidebar.swift */; };
		0E0A901525254AB0003CF49E /* CoursesList.swift in Sources */ = {isa = PBXBuildFile; fileRef = 0E938C502522A25100618C28 /* CoursesList.swift */; };
		0E0A901825254AB0003CF49E /* LaunchScreen.storyboard in Resources */ = {isa = PBXBuildFile; fileRef = 0E0FDF6C252085B800B878C4 /* LaunchScreen.storyboard */; };
		0E0A901925254AB0003CF49E /* Preview Assets.xcassets in Resources */ = {isa = PBXBuildFile; fileRef = 0E0FDF6A252085B800B878C4 /* Preview Assets.xcassets */; };
		0E0A901A25254AB0003CF49E /* Assets.xcassets in Resources */ = {isa = PBXBuildFile; fileRef = 0E0FDF67252085B800B878C4 /* Assets.xcassets */; };
		0E0FDF62252085B400B878C4 /* AppDelegate.swift in Sources */ = {isa = PBXBuildFile; fileRef = 0E0FDF61252085B400B878C4 /* AppDelegate.swift */; };
		0E0FDF64252085B400B878C4 /* SceneDelegate.swift in Sources */ = {isa = PBXBuildFile; fileRef = 0E0FDF63252085B400B878C4 /* SceneDelegate.swift */; };
		0E0FDF66252085B400B878C4 /* ContentView.swift in Sources */ = {isa = PBXBuildFile; fileRef = 0E0FDF65252085B400B878C4 /* ContentView.swift */; };
		0E0FDF68252085B800B878C4 /* Assets.xcassets in Resources */ = {isa = PBXBuildFile; fileRef = 0E0FDF67252085B800B878C4 /* Assets.xcassets */; };
		0E0FDF6B252085B800B878C4 /* Preview Assets.xcassets in Resources */ = {isa = PBXBuildFile; fileRef = 0E0FDF6A252085B800B878C4 /* Preview Assets.xcassets */; };
		0E0FDF6E252085B800B878C4 /* LaunchScreen.storyboard in Resources */ = {isa = PBXBuildFile; fileRef = 0E0FDF6C252085B800B878C4 /* LaunchScreen.storyboard */; };
		0E4EF947252692E300A0C0FF /* CourseItem.swift in Sources */ = {isa = PBXBuildFile; fileRef = 0E4EF946252692E300A0C0FF /* CourseItem.swift */; };
		0E4EF94D252694C100A0C0FF /* CourseItem.swift in Sources */ = {isa = PBXBuildFile; fileRef = 0E4EF946252692E300A0C0FF /* CourseItem.swift */; };
		0E74F4502523966100B6B76C /* Sidebar.swift in Sources */ = {isa = PBXBuildFile; fileRef = 0E74F44F2523966100B6B76C /* Sidebar.swift */; };
		0E938C512522A25100618C28 /* CoursesList.swift in Sources */ = {isa = PBXBuildFile; fileRef = 0E938C502522A25100618C28 /* CoursesList.swift */; };
		0ED48886252976D4005BAC5D /* Course.swift in Sources */ = {isa = PBXBuildFile; fileRef = 0ED48885252976D4005BAC5D /* Course.swift */; };
		0ED4888B252976D9005BAC5D /* Course.swift in Sources */ = {isa = PBXBuildFile; fileRef = 0ED48885252976D4005BAC5D /* Course.swift */; };
		0ED4888F252976E9005BAC5D /* CoursesView.swift in Sources */ = {isa = PBXBuildFile; fileRef = 0ED4888E252976E9005BAC5D /* CoursesView.swift */; };
		0EEAE83325229CC400EDB602 /* CourseRow.swift in Sources */ = {isa = PBXBuildFile; fileRef = 0EEAE83225229CC400EDB602 /* CourseRow.swift */; };
		0EF3D3BA2529BEFD002E4050 /* CloseButton.swift in Sources */ = {isa = PBXBuildFile; fileRef = 0EF3D3B92529BEFD002E4050 /* CloseButton.swift */; };
		0EF3D3BB2529BEFD002E4050 /* CloseButton.swift in Sources */ = {isa = PBXBuildFile; fileRef = 0EF3D3B92529BEFD002E4050 /* CloseButton.swift */; };
		0EF3D3BF2529E34D002E4050 /* CourseDetail.swift in Sources */ = {isa = PBXBuildFile; fileRef = 0EF3D3BE2529E34D002E4050 /* CourseDetail.swift */; };
		0EF3D3C02529E34D002E4050 /* CourseDetail.swift in Sources */ = {isa = PBXBuildFile; fileRef = 0EF3D3BE2529E34D002E4050 /* CourseDetail.swift */; };
		0EF3D3CA2529EA44002E4050 /* Tutorial.swift in Sources */ = {isa = PBXBuildFile; fileRef = 0EF3D3C32529EA43002E4050 /* Tutorial.swift */; };
		0EF3D3CB2529EA44002E4050 /* Tutorial.swift in Sources */ = {isa = PBXBuildFile; fileRef = 0EF3D3C32529EA43002E4050 /* Tutorial.swift */; };
		0EF3D3CC2529EA44002E4050 /* GradientModel.swift in Sources */ = {isa = PBXBuildFile; fileRef = 0EF3D3C42529EA43002E4050 /* GradientModel.swift */; };
		0EF3D3CD2529EA44002E4050 /* GradientModel.swift in Sources */ = {isa = PBXBuildFile; fileRef = 0EF3D3C42529EA43002E4050 /* GradientModel.swift */; };
		0EF3D3CE2529EA44002E4050 /* CourseSection.swift in Sources */ = {isa = PBXBuildFile; fileRef = 0EF3D3C52529EA44002E4050 /* CourseSection.swift */; };
		0EF3D3CF2529EA44002E4050 /* CourseSection.swift in Sources */ = {isa = PBXBuildFile; fileRef = 0EF3D3C52529EA44002E4050 /* CourseSection.swift */; };
		0EF3D3D02529EA44002E4050 /* LivestreamSection.swift in Sources */ = {isa = PBXBuildFile; fileRef = 0EF3D3C62529EA44002E4050 /* LivestreamSection.swift */; };
		0EF3D3D12529EA44002E4050 /* LivestreamSection.swift in Sources */ = {isa = PBXBuildFile; fileRef = 0EF3D3C62529EA44002E4050 /* LivestreamSection.swift */; };
		0EF3D3D22529EA44002E4050 /* Livestream.swift in Sources */ = {isa = PBXBuildFile; fileRef = 0EF3D3C72529EA44002E4050 /* Livestream.swift */; };
		0EF3D3D32529EA44002E4050 /* Livestream.swift in Sources */ = {isa = PBXBuildFile; fileRef = 0EF3D3C72529EA44002E4050 /* Livestream.swift */; };
		0EF3D3D42529EA44002E4050 /* Download.swift in Sources */ = {isa = PBXBuildFile; fileRef = 0EF3D3C82529EA44002E4050 /* Download.swift */; };
		0EF3D3D52529EA44002E4050 /* Download.swift in Sources */ = {isa = PBXBuildFile; fileRef = 0EF3D3C82529EA44002E4050 /* Download.swift */; };
		0EF3D3D62529EA44002E4050 /* TutorialSection.swift in Sources */ = {isa = PBXBuildFile; fileRef = 0EF3D3C92529EA44002E4050 /* TutorialSection.swift */; };
		0EF3D3D72529EA44002E4050 /* TutorialSection.swift in Sources */ = {isa = PBXBuildFile; fileRef = 0EF3D3C92529EA44002E4050 /* TutorialSection.swift */; };
		0EF3D3DB2529EF28002E4050 /* VisualEffectBlur.swift in Sources */ = {isa = PBXBuildFile; fileRef = 0EF3D3DA2529EF28002E4050 /* VisualEffectBlur.swift */; };
		0EF3D3DF2529EF32002E4050 /* VisualEffectBlur.swift in Sources */ = {isa = PBXBuildFile; fileRef = 0EF3D3DE2529EF32002E4050 /* VisualEffectBlur.swift */; };
		0EF3D3E5252A2789002E4050 /* TabBar.swift in Sources */ = {isa = PBXBuildFile; fileRef = 0EF3D3E4252A2789002E4050 /* TabBar.swift */; };
/* End PBXBuildFile section */

/* Begin PBXFileReference section */
		0E0A901E25254AB0003CF49E /* DesignCodeSource_macOS.app */ = {isa = PBXFileReference; explicitFileType = wrapper.application; includeInIndex = 0; path = DesignCodeSource_macOS.app; sourceTree = BUILT_PRODUCTS_DIR; };
		0E0A902025254AC6003CF49E /* DesignCodeSource_macOS.entitlements */ = {isa = PBXFileReference; lastKnownFileType = text.plist.entitlements; path = DesignCodeSource_macOS.entitlements; sourceTree = "<group>"; };
		0E0FDF5E252085B400B878C4 /* DesignCodeSource.app */ = {isa = PBXFileReference; explicitFileType = wrapper.application; includeInIndex = 0; path = DesignCodeSource.app; sourceTree = BUILT_PRODUCTS_DIR; };
		0E0FDF61252085B400B878C4 /* AppDelegate.swift */ = {isa = PBXFileReference; lastKnownFileType = sourcecode.swift; path = AppDelegate.swift; sourceTree = "<group>"; };
		0E0FDF63252085B400B878C4 /* SceneDelegate.swift */ = {isa = PBXFileReference; lastKnownFileType = sourcecode.swift; path = SceneDelegate.swift; sourceTree = "<group>"; };
		0E0FDF65252085B400B878C4 /* ContentView.swift */ = {isa = PBXFileReference; lastKnownFileType = sourcecode.swift; path = ContentView.swift; sourceTree = "<group>"; };
		0E0FDF67252085B800B878C4 /* Assets.xcassets */ = {isa = PBXFileReference; lastKnownFileType = folder.assetcatalog; path = Assets.xcassets; sourceTree = "<group>"; };
		0E0FDF6A252085B800B878C4 /* Preview Assets.xcassets */ = {isa = PBXFileReference; lastKnownFileType = folder.assetcatalog; path = "Preview Assets.xcassets"; sourceTree = "<group>"; };
		0E0FDF6D252085B800B878C4 /* Base */ = {isa = PBXFileReference; lastKnownFileType = file.storyboard; name = Base; path = Base.lproj/LaunchScreen.storyboard; sourceTree = "<group>"; };
		0E0FDF6F252085B800B878C4 /* Info.plist */ = {isa = PBXFileReference; lastKnownFileType = text.plist.xml; path = Info.plist; sourceTree = "<group>"; };
		0E4EF946252692E300A0C0FF /* CourseItem.swift */ = {isa = PBXFileReference; lastKnownFileType = sourcecode.swift; path = CourseItem.swift; sourceTree = "<group>"; };
		0E74F44F2523966100B6B76C /* Sidebar.swift */ = {isa = PBXFileReference; lastKnownFileType = sourcecode.swift; path = Sidebar.swift; sourceTree = "<group>"; };
		0E938C502522A25100618C28 /* CoursesList.swift */ = {isa = PBXFileReference; lastKnownFileType = sourcecode.swift; path = CoursesList.swift; sourceTree = "<group>"; };
		0ED48885252976D4005BAC5D /* Course.swift */ = {isa = PBXFileReference; fileEncoding = 4; lastKnownFileType = sourcecode.swift; path = Course.swift; sourceTree = "<group>"; };
		0ED4888E252976E9005BAC5D /* CoursesView.swift */ = {isa = PBXFileReference; fileEncoding = 4; lastKnownFileType = sourcecode.swift; path = CoursesView.swift; sourceTree = "<group>"; };
		0EEAE83225229CC400EDB602 /* CourseRow.swift */ = {isa = PBXFileReference; lastKnownFileType = sourcecode.swift; path = CourseRow.swift; sourceTree = "<group>"; };
		0EED38C425280C48001B1F9A /* DesignCodeSource copy-Info.plist */ = {isa = PBXFileReference; lastKnownFileType = text.plist; name = "DesignCodeSource copy-Info.plist"; path = "../../SwiftUI-IOS14/DesignCodeSource copy-Info.plist"; sourceTree = "<group>"; };
		0EF3D3B92529BEFD002E4050 /* CloseButton.swift */ = {isa = PBXFileReference; lastKnownFileType = sourcecode.swift; path = CloseButton.swift; sourceTree = "<group>"; };
		0EF3D3BE2529E34D002E4050 /* CourseDetail.swift */ = {isa = PBXFileReference; lastKnownFileType = sourcecode.swift; path = CourseDetail.swift; sourceTree = "<group>"; };
		0EF3D3C32529EA43002E4050 /* Tutorial.swift */ = {isa = PBXFileReference; fileEncoding = 4; lastKnownFileType = sourcecode.swift; path = Tutorial.swift; sourceTree = "<group>"; };
		0EF3D3C42529EA43002E4050 /* GradientModel.swift */ = {isa = PBXFileReference; fileEncoding = 4; lastKnownFileType = sourcecode.swift; path = GradientModel.swift; sourceTree = "<group>"; };
		0EF3D3C52529EA44002E4050 /* CourseSection.swift */ = {isa = PBXFileReference; fileEncoding = 4; lastKnownFileType = sourcecode.swift; path = CourseSection.swift; sourceTree = "<group>"; };
		0EF3D3C62529EA44002E4050 /* LivestreamSection.swift */ = {isa = PBXFileReference; fileEncoding = 4; lastKnownFileType = sourcecode.swift; path = LivestreamSection.swift; sourceTree = "<group>"; };
		0EF3D3C72529EA44002E4050 /* Livestream.swift */ = {isa = PBXFileReference; fileEncoding = 4; lastKnownFileType = sourcecode.swift; path = Livestream.swift; sourceTree = "<group>"; };
		0EF3D3C82529EA44002E4050 /* Download.swift */ = {isa = PBXFileReference; fileEncoding = 4; lastKnownFileType = sourcecode.swift; path = Download.swift; sourceTree = "<group>"; };
		0EF3D3C92529EA44002E4050 /* TutorialSection.swift */ = {isa = PBXFileReference; fileEncoding = 4; lastKnownFileType = sourcecode.swift; path = TutorialSection.swift; sourceTree = "<group>"; };
		0EF3D3DA2529EF28002E4050 /* VisualEffectBlur.swift */ = {isa = PBXFileReference; fileEncoding = 4; lastKnownFileType = sourcecode.swift; path = VisualEffectBlur.swift; sourceTree = "<group>"; };
		0EF3D3DE2529EF32002E4050 /* VisualEffectBlur.swift */ = {isa = PBXFileReference; fileEncoding = 4; lastKnownFileType = sourcecode.swift; path = VisualEffectBlur.swift; sourceTree = "<group>"; };
		0EF3D3E4252A2789002E4050 /* TabBar.swift */ = {isa = PBXFileReference; lastKnownFileType = sourcecode.swift; path = TabBar.swift; sourceTree = "<group>"; };
/* End PBXFileReference section */

/* Begin PBXFrameworksBuildPhase section */
		0E0A901625254AB0003CF49E /* Frameworks */ = {
			isa = PBXFrameworksBuildPhase;
			buildActionMask = 2147483647;
			files = (
			);
			runOnlyForDeploymentPostprocessing = 0;
		};
		0E0FDF5B252085B400B878C4 /* Frameworks */ = {
			isa = PBXFrameworksBuildPhase;
			buildActionMask = 2147483647;
			files = (
			);
			runOnlyForDeploymentPostprocessing = 0;
		};
/* End PBXFrameworksBuildPhase section */

/* Begin PBXGroup section */
		0E0FDF55252085B400B878C4 = {
			isa = PBXGroup;
			children = (
				0E0FDF60252085B400B878C4 /* DesignCodeSource */,
				0EED38C225280C34001B1F9A /* iOS */,
				0EED38C325280C40001B1F9A /* macOS */,
				0E0FDF5F252085B400B878C4 /* Products */,
			);
			sourceTree = "<group>";
		};
		0E0FDF5F252085B400B878C4 /* Products */ = {
			isa = PBXGroup;
			children = (
				0E0FDF5E252085B400B878C4 /* DesignCodeSource.app */,
				0E0A901E25254AB0003CF49E /* DesignCodeSource_macOS.app */,
			);
			name = Products;
			sourceTree = "<group>";
		};
		0E0FDF60252085B400B878C4 /* DesignCodeSource */ = {
			isa = PBXGroup;
			children = (
				0E4EF94C252694A200A0C0FF /* Navigation */,
				0ED488942529779D005BAC5D /* Model */,
				0E4EF950252694E700A0C0FF /* Items */,
				0E938C502522A25100618C28 /* CoursesList.swift */,
				0ED4888E252976E9005BAC5D /* CoursesView.swift */,
				0EF3D3BE2529E34D002E4050 /* CourseDetail.swift */,
				0EF3D3B92529BEFD002E4050 /* CloseButton.swift */,
				0ED48897252977C1005BAC5D /* Others */,
				0E0FDF69252085B800B878C4 /* Preview Content */,
			);
			path = DesignCodeSource;
			sourceTree = "<group>";
		};
		0E0FDF69252085B800B878C4 /* Preview Content */ = {
			isa = PBXGroup;
			children = (
				0E0FDF6A252085B800B878C4 /* Preview Assets.xcassets */,
			);
			path = "Preview Content";
			sourceTree = "<group>";
		};
		0E4EF94C252694A200A0C0FF /* Navigation */ = {
			isa = PBXGroup;
			children = (
				0E0FDF65252085B400B878C4 /* ContentView.swift */,
				0EF3D3E4252A2789002E4050 /* TabBar.swift */,
				0E74F44F2523966100B6B76C /* Sidebar.swift */,
			);
			path = Navigation;
			sourceTree = "<group>";
		};
		0E4EF950252694E700A0C0FF /* Items */ = {
			isa = PBXGroup;
			children = (
				0EEAE83225229CC400EDB602 /* CourseRow.swift */,
				0E4EF946252692E300A0C0FF /* CourseItem.swift */,
			);
			path = Items;
			sourceTree = "<group>";
		};
		0ED488942529779D005BAC5D /* Model */ = {
			isa = PBXGroup;
			children = (
				0ED48885252976D4005BAC5D /* Course.swift */,
				0EF3D3C52529EA44002E4050 /* CourseSection.swift */,
				0EF3D3C82529EA44002E4050 /* Download.swift */,
				0EF3D3C42529EA43002E4050 /* GradientModel.swift */,
				0EF3D3C72529EA44002E4050 /* Livestream.swift */,
				0EF3D3C62529EA44002E4050 /* LivestreamSection.swift */,
				0EF3D3C32529EA43002E4050 /* Tutorial.swift */,
				0EF3D3C92529EA44002E4050 /* TutorialSection.swift */,
			);
			path = Model;
			sourceTree = "<group>";
		};
		0ED48897252977C1005BAC5D /* Others */ = {
			isa = PBXGroup;
			children = (
				0E0FDF6C252085B800B878C4 /* LaunchScreen.storyboard */,
				0E0FDF67252085B800B878C4 /* Assets.xcassets */,
				0E0FDF61252085B400B878C4 /* AppDelegate.swift */,
				0E0FDF63252085B400B878C4 /* SceneDelegate.swift */,
			);
			path = Others;
			sourceTree = "<group>";
		};
		0EED38C225280C34001B1F9A /* iOS */ = {
			isa = PBXGroup;
			children = (
				0EF3D3DA2529EF28002E4050 /* VisualEffectBlur.swift */,
				0E0FDF6F252085B800B878C4 /* Info.plist */,
			);
			path = iOS;
			sourceTree = "<group>";
		};
		0EED38C325280C40001B1F9A /* macOS */ = {
			isa = PBXGroup;
			children = (
				0EF3D3DE2529EF32002E4050 /* VisualEffectBlur.swift */,
				0EED38C425280C48001B1F9A /* DesignCodeSource copy-Info.plist */,
				0E0A902025254AC6003CF49E /* DesignCodeSource_macOS.entitlements */,
			);
			path = macOS;
			sourceTree = "<group>";
		};
/* End PBXGroup section */

/* Begin PBXNativeTarget section */
		0E0A900E25254AB0003CF49E /* DesignCodeSource_macOS */ = {
			isa = PBXNativeTarget;
			buildConfigurationList = 0E0A901B25254AB0003CF49E /* Build configuration list for PBXNativeTarget "DesignCodeSource_macOS" */;
			buildPhases = (
				0E0A900F25254AB0003CF49E /* Sources */,
				0E0A901625254AB0003CF49E /* Frameworks */,
				0E0A901725254AB0003CF49E /* Resources */,
			);
			buildRules = (
			);
			dependencies = (
			);
			name = DesignCodeSource_macOS;
			productName = DesignCodeSource;
			productReference = 0E0A901E25254AB0003CF49E /* DesignCodeSource_macOS.app */;
			productType = "com.apple.product-type.application";
		};
		0E0FDF5D252085B400B878C4 /* DesignCodeSource */ = {
			isa = PBXNativeTarget;
			buildConfigurationList = 0E0FDF72252085B800B878C4 /* Build configuration list for PBXNativeTarget "DesignCodeSource" */;
			buildPhases = (
				0E0FDF5A252085B400B878C4 /* Sources */,
				0E0FDF5B252085B400B878C4 /* Frameworks */,
				0E0FDF5C252085B400B878C4 /* Resources */,
			);
			buildRules = (
			);
			dependencies = (
			);
			name = DesignCodeSource;
			productName = DesignCodeSource;
			productReference = 0E0FDF5E252085B400B878C4 /* DesignCodeSource.app */;
			productType = "com.apple.product-type.application";
		};
/* End PBXNativeTarget section */

/* Begin PBXProject section */
		0E0FDF56252085B400B878C4 /* Project object */ = {
			isa = PBXProject;
			attributes = {
				LastSwiftUpdateCheck = 1120;
				LastUpgradeCheck = 1120;
				ORGANIZATIONNAME = "Trinh Thai";
				TargetAttributes = {
					0E0FDF5D252085B400B878C4 = {
						CreatedOnToolsVersion = 11.2.1;
					};
				};
			};
			buildConfigurationList = 0E0FDF59252085B400B878C4 /* Build configuration list for PBXProject "DesignCodeSource" */;
			compatibilityVersion = "Xcode 9.3";
			developmentRegion = en;
			hasScannedForEncodings = 0;
			knownRegions = (
				en,
				Base,
			);
			mainGroup = 0E0FDF55252085B400B878C4;
			productRefGroup = 0E0FDF5F252085B400B878C4 /* Products */;
			projectDirPath = "";
			projectRoot = "";
			targets = (
				0E0FDF5D252085B400B878C4 /* DesignCodeSource */,
				0E0A900E25254AB0003CF49E /* DesignCodeSource_macOS */,
			);
		};
/* End PBXProject section */

/* Begin PBXResourcesBuildPhase section */
		0E0A901725254AB0003CF49E /* Resources */ = {
			isa = PBXResourcesBuildPhase;
			buildActionMask = 2147483647;
			files = (
				0E0A901825254AB0003CF49E /* LaunchScreen.storyboard in Resources */,
				0E0A901925254AB0003CF49E /* Preview Assets.xcassets in Resources */,
				0E0A901A25254AB0003CF49E /* Assets.xcassets in Resources */,
			);
			runOnlyForDeploymentPostprocessing = 0;
		};
		0E0FDF5C252085B400B878C4 /* Resources */ = {
			isa = PBXResourcesBuildPhase;
			buildActionMask = 2147483647;
			files = (
				0E0FDF6E252085B800B878C4 /* LaunchScreen.storyboard in Resources */,
				0E0FDF6B252085B800B878C4 /* Preview Assets.xcassets in Resources */,
				0E0FDF68252085B800B878C4 /* Assets.xcassets in Resources */,
			);
			runOnlyForDeploymentPostprocessing = 0;
		};
/* End PBXResourcesBuildPhase section */

/* Begin PBXSourcesBuildPhase section */
		0E0A900F25254AB0003CF49E /* Sources */ = {
			isa = PBXSourcesBuildPhase;
			buildActionMask = 2147483647;
			files = (
				0ED4888B252976D9005BAC5D /* Course.swift in Sources */,
				0EF3D3D52529EA44002E4050 /* Download.swift in Sources */,
				0E0A901025254AB0003CF49E /* AppDelegate.swift in Sources */,
				0E0A901125254AB0003CF49E /* SceneDelegate.swift in Sources */,
				0EF3D3C02529E34D002E4050 /* CourseDetail.swift in Sources */,
				0EF3D3CB2529EA44002E4050 /* Tutorial.swift in Sources */,
				0EF3D3CD2529EA44002E4050 /* GradientModel.swift in Sources */,
				0EF3D3BB2529BEFD002E4050 /* CloseButton.swift in Sources */,
				0E0A901225254AB0003CF49E /* ContentView.swift in Sources */,
				0E4EF94D252694C100A0C0FF /* CourseItem.swift in Sources */,
				0E0A901325254AB0003CF49E /* CourseRow.swift in Sources */,
				0EF3D3D32529EA44002E4050 /* Livestream.swift in Sources */,
				0EF3D3CF2529EA44002E4050 /* CourseSection.swift in Sources */,
				0EF3D3D12529EA44002E4050 /* LivestreamSection.swift in Sources */,
				0EF3D3D72529EA44002E4050 /* TutorialSection.swift in Sources */,
				0EF3D3DF2529EF32002E4050 /* VisualEffectBlur.swift in Sources */,
				0E0A901425254AB0003CF49E /* Sidebar.swift in Sources */,
				0E0A901525254AB0003CF49E /* CoursesList.swift in Sources */,
			);
			runOnlyForDeploymentPostprocessing = 0;
		};
		0E0FDF5A252085B400B878C4 /* Sources */ = {
			isa = PBXSourcesBuildPhase;
			buildActionMask = 2147483647;
			files = (
				0EF3D3BA2529BEFD002E4050 /* CloseButton.swift in Sources */,
				0EF3D3CA2529EA44002E4050 /* Tutorial.swift in Sources */,
				0EF3D3D02529EA44002E4050 /* LivestreamSection.swift in Sources */,
				0E0FDF62252085B400B878C4 /* AppDelegate.swift in Sources */,
				0EF3D3DB2529EF28002E4050 /* VisualEffectBlur.swift in Sources */,
				0ED48886252976D4005BAC5D /* Course.swift in Sources */,
				0E0FDF64252085B400B878C4 /* SceneDelegate.swift in Sources */,
				0E0FDF66252085B400B878C4 /* ContentView.swift in Sources */,
				0EF3D3D22529EA44002E4050 /* Livestream.swift in Sources */,
				0EF3D3D42529EA44002E4050 /* Download.swift in Sources */,
				0E4EF947252692E300A0C0FF /* CourseItem.swift in Sources */,
				0EEAE83325229CC400EDB602 /* CourseRow.swift in Sources */,
				0EF3D3BF2529E34D002E4050 /* CourseDetail.swift in Sources */,
				0EF3D3CC2529EA44002E4050 /* GradientModel.swift in Sources */,
				0EF3D3D62529EA44002E4050 /* TutorialSection.swift in Sources */,
				0E74F4502523966100B6B76C /* Sidebar.swift in Sources */,
				0E938C512522A25100618C28 /* CoursesList.swift in Sources */,
				0EF3D3CE2529EA44002E4050 /* CourseSection.swift in Sources */,
				0ED4888F252976E9005BAC5D /* CoursesView.swift in Sources */,
				0EF3D3E5252A2789002E4050 /* TabBar.swift in Sources */,
			);
			runOnlyForDeploymentPostprocessing = 0;
		};
/* End PBXSourcesBuildPhase section */

/* Begin PBXVariantGroup section */
		0E0FDF6C252085B800B878C4 /* LaunchScreen.storyboard */ = {
			isa = PBXVariantGroup;
			children = (
				0E0FDF6D252085B800B878C4 /* Base */,
			);
			name = LaunchScreen.storyboard;
			sourceTree = "<group>";
		};
/* End PBXVariantGroup section */

/* Begin XCBuildConfiguration section */
		0E0A901C25254AB0003CF49E /* Debug */ = {
			isa = XCBuildConfiguration;
			buildSettings = {
				ASSETCATALOG_COMPILER_APPICON_NAME = AppIcon;
				CODE_SIGN_ENTITLEMENTS = macOS/DesignCodeSource_macOS.entitlements;
				"CODE_SIGN_IDENTITY[sdk=macosx*]" = "-";
				CODE_SIGN_STYLE = Automatic;
				DEVELOPMENT_ASSET_PATHS = "\"DesignCodeSource/Preview Content\"";
				ENABLE_PREVIEWS = YES;
				INFOPLIST_FILE = "macOS/DesignCodeSource copy-Info.plist";
				IPHONEOS_DEPLOYMENT_TARGET = 14.0;
				LD_RUNPATH_SEARCH_PATHS = (
					"$(inherited)",
					"@executable_path/Frameworks",
				);
				PRODUCT_BUNDLE_IDENTIFIER = TrinhThai.DesignCodeSource;
				PRODUCT_NAME = "$(TARGET_NAME)";
				SUPPORTS_MACCATALYST = YES;
				SWIFT_VERSION = 5.0;
				TARGETED_DEVICE_FAMILY = "2,6";
			};
			name = Debug;
		};
		0E0A901D25254AB0003CF49E /* Release */ = {
			isa = XCBuildConfiguration;
			buildSettings = {
				ASSETCATALOG_COMPILER_APPICON_NAME = AppIcon;
				CODE_SIGN_ENTITLEMENTS = macOS/DesignCodeSource_macOS.entitlements;
				"CODE_SIGN_IDENTITY[sdk=macosx*]" = "-";
				CODE_SIGN_STYLE = Automatic;
				DEVELOPMENT_ASSET_PATHS = "\"DesignCodeSource/Preview Content\"";
				ENABLE_PREVIEWS = YES;
				INFOPLIST_FILE = "macOS/DesignCodeSource copy-Info.plist";
				IPHONEOS_DEPLOYMENT_TARGET = 14.0;
				LD_RUNPATH_SEARCH_PATHS = (
					"$(inherited)",
					"@executable_path/Frameworks",
				);
				PRODUCT_BUNDLE_IDENTIFIER = TrinhThai.DesignCodeSource;
				PRODUCT_NAME = "$(TARGET_NAME)";
				SUPPORTS_MACCATALYST = YES;
				SWIFT_VERSION = 5.0;
				TARGETED_DEVICE_FAMILY = "2,6";
			};
			name = Release;
		};
		0E0FDF70252085B800B878C4 /* Debug */ = {
			isa = XCBuildConfiguration;
			buildSettings = {
				ALWAYS_SEARCH_USER_PATHS = NO;
				CLANG_ANALYZER_NONNULL = YES;
				CLANG_ANALYZER_NUMBER_OBJECT_CONVERSION = YES_AGGRESSIVE;
				CLANG_CXX_LANGUAGE_STANDARD = "gnu++14";
				CLANG_CXX_LIBRARY = "libc++";
				CLANG_ENABLE_MODULES = YES;
				CLANG_ENABLE_OBJC_ARC = YES;
				CLANG_ENABLE_OBJC_WEAK = YES;
				CLANG_WARN_BLOCK_CAPTURE_AUTORELEASING = YES;
				CLANG_WARN_BOOL_CONVERSION = YES;
				CLANG_WARN_COMMA = YES;
				CLANG_WARN_CONSTANT_CONVERSION = YES;
				CLANG_WARN_DEPRECATED_OBJC_IMPLEMENTATIONS = YES;
				CLANG_WARN_DIRECT_OBJC_ISA_USAGE = YES_ERROR;
				CLANG_WARN_DOCUMENTATION_COMMENTS = YES;
				CLANG_WARN_EMPTY_BODY = YES;
				CLANG_WARN_ENUM_CONVERSION = YES;
				CLANG_WARN_INFINITE_RECURSION = YES;
				CLANG_WARN_INT_CONVERSION = YES;
				CLANG_WARN_NON_LITERAL_NULL_CONVERSION = YES;
				CLANG_WARN_OBJC_IMPLICIT_RETAIN_SELF = YES;
				CLANG_WARN_OBJC_LITERAL_CONVERSION = YES;
				CLANG_WARN_OBJC_ROOT_CLASS = YES_ERROR;
				CLANG_WARN_RANGE_LOOP_ANALYSIS = YES;
				CLANG_WARN_STRICT_PROTOTYPES = YES;
				CLANG_WARN_SUSPICIOUS_MOVE = YES;
				CLANG_WARN_UNGUARDED_AVAILABILITY = YES_AGGRESSIVE;
				CLANG_WARN_UNREACHABLE_CODE = YES;
				CLANG_WARN__DUPLICATE_METHOD_MATCH = YES;
				COPY_PHASE_STRIP = NO;
				DEBUG_INFORMATION_FORMAT = dwarf;
				ENABLE_STRICT_OBJC_MSGSEND = YES;
				ENABLE_TESTABILITY = YES;
				GCC_C_LANGUAGE_STANDARD = gnu11;
				GCC_DYNAMIC_NO_PIC = NO;
				GCC_NO_COMMON_BLOCKS = YES;
				GCC_OPTIMIZATION_LEVEL = 0;
				GCC_PREPROCESSOR_DEFINITIONS = (
					"DEBUG=1",
					"$(inherited)",
				);
				GCC_WARN_64_TO_32_BIT_CONVERSION = YES;
				GCC_WARN_ABOUT_RETURN_TYPE = YES_ERROR;
				GCC_WARN_UNDECLARED_SELECTOR = YES;
				GCC_WARN_UNINITIALIZED_AUTOS = YES_AGGRESSIVE;
				GCC_WARN_UNUSED_FUNCTION = YES;
				GCC_WARN_UNUSED_VARIABLE = YES;
				IPHONEOS_DEPLOYMENT_TARGET = 13.2;
				MTL_ENABLE_DEBUG_INFO = INCLUDE_SOURCE;
				MTL_FAST_MATH = YES;
				ONLY_ACTIVE_ARCH = YES;
				SDKROOT = iphoneos;
				SWIFT_ACTIVE_COMPILATION_CONDITIONS = DEBUG;
				SWIFT_OPTIMIZATION_LEVEL = "-Onone";
			};
			name = Debug;
		};
		0E0FDF71252085B800B878C4 /* Release */ = {
			isa = XCBuildConfiguration;
			buildSettings = {
				ALWAYS_SEARCH_USER_PATHS = NO;
				CLANG_ANALYZER_NONNULL = YES;
				CLANG_ANALYZER_NUMBER_OBJECT_CONVERSION = YES_AGGRESSIVE;
				CLANG_CXX_LANGUAGE_STANDARD = "gnu++14";
				CLANG_CXX_LIBRARY = "libc++";
				CLANG_ENABLE_MODULES = YES;
				CLANG_ENABLE_OBJC_ARC = YES;
				CLANG_ENABLE_OBJC_WEAK = YES;
				CLANG_WARN_BLOCK_CAPTURE_AUTORELEASING = YES;
				CLANG_WARN_BOOL_CONVERSION = YES;
				CLANG_WARN_COMMA = YES;
				CLANG_WARN_CONSTANT_CONVERSION = YES;
				CLANG_WARN_DEPRECATED_OBJC_IMPLEMENTATIONS = YES;
				CLANG_WARN_DIRECT_OBJC_ISA_USAGE = YES_ERROR;
				CLANG_WARN_DOCUMENTATION_COMMENTS = YES;
				CLANG_WARN_EMPTY_BODY = YES;
				CLANG_WARN_ENUM_CONVERSION = YES;
				CLANG_WARN_INFINITE_RECURSION = YES;
				CLANG_WARN_INT_CONVERSION = YES;
				CLANG_WARN_NON_LITERAL_NULL_CONVERSION = YES;
				CLANG_WARN_OBJC_IMPLICIT_RETAIN_SELF = YES;
				CLANG_WARN_OBJC_LITERAL_CONVERSION = YES;
				CLANG_WARN_OBJC_ROOT_CLASS = YES_ERROR;
				CLANG_WARN_RANGE_LOOP_ANALYSIS = YES;
				CLANG_WARN_STRICT_PROTOTYPES = YES;
				CLANG_WARN_SUSPICIOUS_MOVE = YES;
				CLANG_WARN_UNGUARDED_AVAILABILITY = YES_AGGRESSIVE;
				CLANG_WARN_UNREACHABLE_CODE = YES;
				CLANG_WARN__DUPLICATE_METHOD_MATCH = YES;
				COPY_PHASE_STRIP = NO;
				DEBUG_INFORMATION_FORMAT = "dwarf-with-dsym";
				ENABLE_NS_ASSERTIONS = NO;
				ENABLE_STRICT_OBJC_MSGSEND = YES;
				GCC_C_LANGUAGE_STANDARD = gnu11;
				GCC_NO_COMMON_BLOCKS = YES;
				GCC_WARN_64_TO_32_BIT_CONVERSION = YES;
				GCC_WARN_ABOUT_RETURN_TYPE = YES_ERROR;
				GCC_WARN_UNDECLARED_SELECTOR = YES;
				GCC_WARN_UNINITIALIZED_AUTOS = YES_AGGRESSIVE;
				GCC_WARN_UNUSED_FUNCTION = YES;
				GCC_WARN_UNUSED_VARIABLE = YES;
				IPHONEOS_DEPLOYMENT_TARGET = 13.2;
				MTL_ENABLE_DEBUG_INFO = NO;
				MTL_FAST_MATH = YES;
				SDKROOT = iphoneos;
				SWIFT_COMPILATION_MODE = wholemodule;
				SWIFT_OPTIMIZATION_LEVEL = "-O";
				VALIDATE_PRODUCT = YES;
			};
			name = Release;
		};
		0E0FDF73252085B800B878C4 /* Debug */ = {
			isa = XCBuildConfiguration;
			buildSettings = {
				ASSETCATALOG_COMPILER_APPICON_NAME = AppIcon;
				CODE_SIGN_STYLE = Automatic;
				DEVELOPMENT_ASSET_PATHS = "\"DesignCodeSource/Preview Content\"";
				ENABLE_PREVIEWS = YES;
				INFOPLIST_FILE = iOS/Info.plist;
				IPHONEOS_DEPLOYMENT_TARGET = 14.0;
				LD_RUNPATH_SEARCH_PATHS = (
					"$(inherited)",
					"@executable_path/Frameworks",
				);
				PRODUCT_BUNDLE_IDENTIFIER = TrinhThai.DesignCodeSource;
				PRODUCT_NAME = "$(TARGET_NAME)";
				SWIFT_VERSION = 5.0;
				TARGETED_DEVICE_FAMILY = "1,2";
			};
			name = Debug;
		};
		0E0FDF74252085B800B878C4 /* Release */ = {
			isa = XCBuildConfiguration;
			buildSettings = {
				ASSETCATALOG_COMPILER_APPICON_NAME = AppIcon;
				CODE_SIGN_STYLE = Automatic;
				DEVELOPMENT_ASSET_PATHS = "\"DesignCodeSource/Preview Content\"";
				ENABLE_PREVIEWS = YES;
				INFOPLIST_FILE = iOS/Info.plist;
				IPHONEOS_DEPLOYMENT_TARGET = 14.0;
				LD_RUNPATH_SEARCH_PATHS = (
					"$(inherited)",
					"@executable_path/Frameworks",
				);
				PRODUCT_BUNDLE_IDENTIFIER = TrinhThai.DesignCodeSource;
				PRODUCT_NAME = "$(TARGET_NAME)";
				SWIFT_VERSION = 5.0;
				TARGETED_DEVICE_FAMILY = "1,2";
			};
			name = Release;
		};
/* End XCBuildConfiguration section */

/* Begin XCConfigurationList section */
		0E0A901B25254AB0003CF49E /* Build configuration list for PBXNativeTarget "DesignCodeSource_macOS" */ = {
			isa = XCConfigurationList;
			buildConfigurations = (
				0E0A901C25254AB0003CF49E /* Debug */,
				0E0A901D25254AB0003CF49E /* Release */,
			);
			defaultConfigurationIsVisible = 0;
			defaultConfigurationName = Release;
		};
		0E0FDF59252085B400B878C4 /* Build configuration list for PBXProject "DesignCodeSource" */ = {
			isa = XCConfigurationList;
			buildConfigurations = (
				0E0FDF70252085B800B878C4 /* Debug */,
				0E0FDF71252085B800B878C4 /* Release */,
			);
			defaultConfigurationIsVisible = 0;
			defaultConfigurationName = Release;
		};
		0E0FDF72252085B800B878C4 /* Build configuration list for PBXNativeTarget "DesignCodeSource" */ = {
			isa = XCConfigurationList;
			buildConfigurations = (
				0E0FDF73252085B800B878C4 /* Debug */,
				0E0FDF74252085B800B878C4 /* Release */,
			);
			defaultConfigurationIsVisible = 0;
			defaultConfigurationName = Release;
		};
/* End XCConfigurationList section */
	};
	rootObject = 0E0FDF56252085B400B878C4 /* Project object */;
}
